
Microsoft Visual Studio Solution File, Format Version 12.00
# Visual Studio Version 16
VisualStudioVersion = 16.0.33328.57
MinimumVisualStudioVersion = 10.0.40219.1
Project("{FAE04EC0-301F-11D3-BF4B-00C04F79EFBC}") = "Proiect Radu Sebastian", "Proiect Radu Sebastian\Proiect Radu Sebastian.csproj", "{4973D40F-FB1A-401A-9755-85330FAC6713}"
EndProject
Global
	GlobalSection(SolutionConfigurationPlatforms) = preSolution
		Debug|Any CPU = Debug|Any CPU
		Release|Any CPU = Release|Any CPU
	EndGlobalSection
	GlobalSection(ProjectConfigurationPlatforms) = postSolution
		{4973D40F-FB1A-401A-9755-85330FAC6713}.Debug|Any CPU.ActiveCfg = Debug|Any CPU
		{4973D40F-FB1A-401A-9755-85330FAC6713}.Debug|Any CPU.Build.0 = Debug|Any CPU
		{4973D40F-FB1A-401A-9755-85330FAC6713}.Release|Any CPU.ActiveCfg = Release|Any CPU
		{4973D40F-FB1A-401A-9755-85330FAC6713}.Release|Any CPU.Build.0 = Release|Any CPU
	EndGlobalSection
	GlobalSection(SolutionProperties) = preSolution
		HideSolutionNode = FALSE
	EndGlobalSection
	GlobalSection(ExtensibilityGlobals) = postSolution
		SolutionGuid = {8CF45806-CFA2-4EAD-9EB6-28E4C40F8664}
	EndGlobalSection
EndGlobal
